# THIS IS AN AUTOGENERATED FILE. DO NOT EDIT THIS FILE DIRECTLY.
# yarn lockfile v1


"@babel/runtime@^7.7.2":
  version "7.10.4"
  resolved "https://registry.yarnpkg.com/@babel/runtime/-/runtime-7.10.4.tgz#a6724f1a6b8d2f6ea5236dbfe58c7d7ea9c5eb99"
  integrity sha512-UpTN5yUJr9b4EX2CnGNWIvER7Ab83ibv0pcvvHc4UOdrBI5jb8bj+32cCwPX6xu0mt2daFNjYhoi+X7beH0RSw==
  dependencies:
    regenerator-runtime "^0.13.4"

"@jimp/bmp@^0.14.0":
  version "0.14.0"
  resolved "https://registry.yarnpkg.com/@jimp/bmp/-/bmp-0.14.0.tgz#6df246026554f276f7b354047c6fff9f5b2b5182"
  integrity sha512-5RkX6tSS7K3K3xNEb2ygPuvyL9whjanhoaB/WmmXlJS6ub4DjTqrapu8j4qnIWmO4YYtFeTbDTXV6v9P1yMA5A==
  dependencies:
    "@babel/runtime" "^7.7.2"
    "@jimp/utils" "^0.14.0"
    bmp-js "^0.1.0"

"@jimp/core@^0.14.0":
  version "0.14.0"
  resolved "https://registry.yarnpkg.com/@jimp/core/-/core-0.14.0.tgz#870c9ca25b40be353ebda1d2abb48723d9010055"
  integrity sha512-S62FcKdtLtj3yWsGfJRdFXSutjvHg7aQNiFogMbwq19RP4XJWqS2nOphu7ScB8KrSlyy5nPF2hkWNhLRLyD82w==
  dependencies:
    "@babel/runtime" "^7.7.2"
    "@jimp/utils" "^0.14.0"
    any-base "^1.1.0"
    buffer "^5.2.0"
    exif-parser "^0.1.12"
    file-type "^9.0.0"
    load-bmfont "^1.3.1"
    mkdirp "^0.5.1"
    phin "^2.9.1"
    pixelmatch "^4.0.2"
    tinycolor2 "^1.4.1"

"@jimp/custom@^0.14.0":
  version "0.14.0"
  resolved "https://registry.yarnpkg.com/@jimp/custom/-/custom-0.14.0.tgz#1dbbf0094df7403f4e03bc984ed92e7458842f74"
  integrity sha512-kQJMeH87+kWJdVw8F9GQhtsageqqxrvzg7yyOw3Tx/s7v5RToe8RnKyMM+kVtBJtNAG+Xyv/z01uYQ2jiZ3GwA==
  dependencies:
    "@babel/runtime" "^7.7.2"
    "@jimp/core" "^0.14.0"

"@jimp/gif@^0.14.0":
  version "0.14.0"
  resolved "https://registry.yarnpkg.com/@jimp/gif/-/gif-0.14.0.tgz#db159f57c3cfd1566bbe8b124958791998614960"
  integrity sha512-DHjoOSfCaCz72+oGGEh8qH0zE6pUBaBxPxxmpYJjkNyDZP7RkbBkZJScIYeQ7BmJxmGN4/dZn+MxamoQlr+UYg==
  dependencies:
    "@babel/runtime" "^7.7.2"
    "@jimp/utils" "^0.14.0"
    gifwrap "^0.9.2"
    omggif "^1.0.9"

"@jimp/jpeg@^0.14.0":
  version "0.14.0"
  resolved "https://registry.yarnpkg.com/@jimp/jpeg/-/jpeg-0.14.0.tgz#8a687a6a653bbbae38c522edef8f84bb418d9461"
  integrity sha512-561neGbr+87S/YVQYnZSTyjWTHBm9F6F1obYHiyU3wVmF+1CLbxY3FQzt4YolwyQHIBv36Bo0PY2KkkU8BEeeQ==
  dependencies:
    "@babel/runtime" "^7.7.2"
    "@jimp/utils" "^0.14.0"
    jpeg-js "^0.4.0"

"@jimp/plugin-blit@^0.14.0":
  version "0.14.0"
  resolved "https://registry.yarnpkg.com/@jimp/plugin-blit/-/plugin-blit-0.14.0.tgz#5eb374be1201313b2113899fb842232d8fcfd345"
  integrity sha512-YoYOrnVHeX3InfgbJawAU601iTZMwEBZkyqcP1V/S33Qnz9uzH1Uj1NtC6fNgWzvX6I4XbCWwtr4RrGFb5CFrw==
  dependencies:
    "@babel/runtime" "^7.7.2"
    "@jimp/utils" "^0.14.0"

"@jimp/plugin-blur@^0.14.0":
  version "0.14.0"
  resolved "https://registry.yarnpkg.com/@jimp/plugin-blur/-/plugin-blur-0.14.0.tgz#fe07e4932d5a2f5d8c9831e245561553224bfc60"
  integrity sha512-9WhZcofLrT0hgI7t0chf7iBQZib//0gJh9WcQMUt5+Q1Bk04dWs8vTgLNj61GBqZXgHSPzE4OpCrrLDBG8zlhQ==
  dependencies:
    "@babel/runtime" "^7.7.2"
    "@jimp/utils" "^0.14.0"

"@jimp/plugin-circle@^0.14.0":
  version "0.14.0"
  resolved "https://registry.yarnpkg.com/@jimp/plugin-circle/-/plugin-circle-0.14.0.tgz#82c0e904a34e90fa672fb9c286bc892e92088ddf"
  integrity sha512-o5L+wf6QA44tvTum5HeLyLSc5eVfIUd5ZDVi5iRfO4o6GT/zux9AxuTSkKwnjhsG8bn1dDmywAOQGAx7BjrQVA==
  dependencies:
    "@babel/runtime" "^7.7.2"
    "@jimp/utils" "^0.14.0"

"@jimp/plugin-color@^0.14.0":
  version "0.14.0"
  resolved "https://registry.yarnpkg.com/@jimp/plugin-color/-/plugin-color-0.14.0.tgz#772bd2d80a88bc66ea1331d010207870f169a74b"
  integrity sha512-JJz512SAILYV0M5LzBb9sbOm/XEj2fGElMiHAxb7aLI6jx+n0agxtHpfpV/AePTLm1vzzDxx6AJxXbKv355hBQ==
  dependencies:
    "@babel/runtime" "^7.7.2"
    "@jimp/utils" "^0.14.0"
    tinycolor2 "^1.4.1"

"@jimp/plugin-contain@^0.14.0":
  version "0.14.0"
  resolved "https://registry.yarnpkg.com/@jimp/plugin-contain/-/plugin-contain-0.14.0.tgz#c68115420d182e696f81bbe76fb5e704909b2b6a"
  integrity sha512-RX2q233lGyaxiMY6kAgnm9ScmEkNSof0hdlaJAVDS1OgXphGAYAeSIAwzESZN4x3ORaWvkFefeVH9O9/698Evg==
  dependencies:
    "@babel/runtime" "^7.7.2"
    "@jimp/utils" "^0.14.0"

"@jimp/plugin-cover@^0.14.0":
  version "0.14.0"
  resolved "https://registry.yarnpkg.com/@jimp/plugin-cover/-/plugin-cover-0.14.0.tgz#4755322589c5885e44e14e31b86b542e907297ce"
  integrity sha512-0P/5XhzWES4uMdvbi3beUgfvhn4YuQ/ny8ijs5kkYIw6K8mHcl820HahuGpwWMx56DJLHRl1hFhJwo9CeTRJtQ==
  dependencies:
    "@babel/runtime" "^7.7.2"
    "@jimp/utils" "^0.14.0"

"@jimp/plugin-crop@^0.14.0":
  version "0.14.0"
  resolved "https://registry.yarnpkg.com/@jimp/plugin-crop/-/plugin-crop-0.14.0.tgz#4cbd856ca84ffc37230fad2534906f2f75aa3057"
  integrity sha512-Ojtih+XIe6/XSGtpWtbAXBozhCdsDMmy+THUJAGu2x7ZgKrMS0JotN+vN2YC3nwDpYkM+yOJImQeptSfZb2Sug==
  dependencies:
    "@babel/runtime" "^7.7.2"
    "@jimp/utils" "^0.14.0"

"@jimp/plugin-displace@^0.14.0":
  version "0.14.0"
  resolved "https://registry.yarnpkg.com/@jimp/plugin-displace/-/plugin-displace-0.14.0.tgz#b0e6a57d00cb1f893f541413fe9d737d23c3b70c"
  integrity sha512-c75uQUzMgrHa8vegkgUvgRL/PRvD7paFbFJvzW0Ugs8Wl+CDMGIPYQ3j7IVaQkIS+cAxv+NJ3TIRBQyBrfVEOg==
  dependencies:
    "@babel/runtime" "^7.7.2"
    "@jimp/utils" "^0.14.0"

"@jimp/plugin-dither@^0.14.0":
  version "0.14.0"
  resolved "https://registry.yarnpkg.com/@jimp/plugin-dither/-/plugin-dither-0.14.0.tgz#9185ec4c38e02edc9e5831f5d709f6ba891e1b93"
  integrity sha512-g8SJqFLyYexXQQsoh4dc1VP87TwyOgeTElBcxSXX2LaaMZezypmxQfLTzOFzZoK8m39NuaoH21Ou1Ftsq7LzVQ==
  dependencies:
    "@babel/runtime" "^7.7.2"
    "@jimp/utils" "^0.14.0"

"@jimp/plugin-fisheye@^0.14.0":
  version "0.14.0"
  resolved "https://registry.yarnpkg.com/@jimp/plugin-fisheye/-/plugin-fisheye-0.14.0.tgz#9f26346cf2fbc660cc2008cd7fd30a83b5029e78"
  integrity sha512-BFfUZ64EikCaABhCA6mR3bsltWhPpS321jpeIQfJyrILdpFsZ/OccNwCgpW1XlbldDHIoNtXTDGn3E+vCE7vDg==
  dependencies:
    "@babel/runtime" "^7.7.2"
    "@jimp/utils" "^0.14.0"

"@jimp/plugin-flip@^0.14.0":
  version "0.14.0"
  resolved "https://registry.yarnpkg.com/@jimp/plugin-flip/-/plugin-flip-0.14.0.tgz#7966d6aa3b5fe1aa4d2d561ff12b8ef5ccb9b071"
  integrity sha512-WtL1hj6ryqHhApih+9qZQYA6Ye8a4HAmdTzLbYdTMrrrSUgIzFdiZsD0WeDHpgS/+QMsWwF+NFmTZmxNWqKfXw==
  dependencies:
    "@babel/runtime" "^7.7.2"
    "@jimp/utils" "^0.14.0"

"@jimp/plugin-gaussian@^0.14.0":
  version "0.14.0"
  resolved "https://registry.yarnpkg.com/@jimp/plugin-gaussian/-/plugin-gaussian-0.14.0.tgz#452bc1971a4467ad9b984aa67f4c200bf941bb65"
  integrity sha512-uaLwQ0XAQoydDlF9tlfc7iD9drYPriFe+jgYnWm8fbw5cN+eOIcnneEX9XCOOzwgLPkNCxGox6Kxjn8zY6GxtQ==
  dependencies:
    "@babel/runtime" "^7.7.2"
    "@jimp/utils" "^0.14.0"

"@jimp/plugin-invert@^0.14.0":
  version "0.14.0"
  resolved "https://registry.yarnpkg.com/@jimp/plugin-invert/-/plugin-invert-0.14.0.tgz#cd31a555860e9f821394936d15af161c09c42921"
  integrity sha512-UaQW9X9vx8orQXYSjT5VcITkJPwDaHwrBbxxPoDG+F/Zgv4oV9fP+udDD6qmkgI9taU+44Fy+zm/J/gGcMWrdg==
  dependencies:
    "@babel/runtime" "^7.7.2"
    "@jimp/utils" "^0.14.0"

"@jimp/plugin-mask@^0.14.0":
  version "0.14.0"
  resolved "https://registry.yarnpkg.com/@jimp/plugin-mask/-/plugin-mask-0.14.0.tgz#52619643ac6222f85e6b27dee33c771ca3a6a4c9"
  integrity sha512-tdiGM69OBaKtSPfYSQeflzFhEpoRZ+BvKfDEoivyTjauynbjpRiwB1CaiS8En1INTDwzLXTT0Be9SpI3LkJoEA==
  dependencies:
    "@babel/runtime" "^7.7.2"
    "@jimp/utils" "^0.14.0"

"@jimp/plugin-normalize@^0.14.0":
  version "0.14.0"
  resolved "https://registry.yarnpkg.com/@jimp/plugin-normalize/-/plugin-normalize-0.14.0.tgz#bf39e356b6d473f582ce95633ad49c9cdb82492b"
  integrity sha512-AfY8sqlsbbdVwFGcyIPy5JH/7fnBzlmuweb+Qtx2vn29okq6+HelLjw2b+VT2btgGUmWWHGEHd86oRGSoWGyEQ==
  dependencies:
    "@babel/runtime" "^7.7.2"
    "@jimp/utils" "^0.14.0"

"@jimp/plugin-print@^0.14.0":
  version "0.14.0"
  resolved "https://registry.yarnpkg.com/@jimp/plugin-print/-/plugin-print-0.14.0.tgz#1c43c2a92a7adc05b464863882cb89ce486d63e6"
  integrity sha512-MwP3sH+VS5AhhSTXk7pui+tEJFsxnTKFY3TraFJb8WFbA2Vo2qsRCZseEGwpTLhENB7p/JSsLvWoSSbpmxhFAQ==
  dependencies:
    "@babel/runtime" "^7.7.2"
    "@jimp/utils" "^0.14.0"
    load-bmfont "^1.4.0"

"@jimp/plugin-resize@^0.14.0":
  version "0.14.0"
  resolved "https://registry.yarnpkg.com/@jimp/plugin-resize/-/plugin-resize-0.14.0.tgz#ef7fc6c2e45f8bcab62456baf8fd3bc415b02b64"
  integrity sha512-qFeMOyXE/Bk6QXN0GQo89+CB2dQcXqoxUcDb2Ah8wdYlKqpi53skABkgVy5pW3EpiprDnzNDboMltdvDslNgLQ==
  dependencies:
    "@babel/runtime" "^7.7.2"
    "@jimp/utils" "^0.14.0"

"@jimp/plugin-rotate@^0.14.0":
  version "0.14.0"
  resolved "https://registry.yarnpkg.com/@jimp/plugin-rotate/-/plugin-rotate-0.14.0.tgz#3632bc159bf1c3b9ec9f459d9c05d02a11781ee7"
  integrity sha512-aGaicts44bvpTcq5Dtf93/8TZFu5pMo/61lWWnYmwJJU1RqtQlxbCLEQpMyRhKDNSfPbuP8nyGmaqXlM/82J0Q==
  dependencies:
    "@babel/runtime" "^7.7.2"
    "@jimp/utils" "^0.14.0"

"@jimp/plugin-scale@^0.14.0":
  version "0.14.0"
  resolved "https://registry.yarnpkg.com/@jimp/plugin-scale/-/plugin-scale-0.14.0.tgz#d30f0cd1365b8e68f43fa423300ae7f124e9bf10"
  integrity sha512-ZcJk0hxY5ZKZDDwflqQNHEGRblgaR+piePZm7dPwPUOSeYEH31P0AwZ1ziceR74zd8N80M0TMft+e3Td6KGBHw==
  dependencies:
    "@babel/runtime" "^7.7.2"
    "@jimp/utils" "^0.14.0"

"@jimp/plugin-shadow@^0.14.0":
  version "0.14.0"
  resolved "https://registry.yarnpkg.com/@jimp/plugin-shadow/-/plugin-shadow-0.14.0.tgz#471fdb9f109ff2d9e20d533d45e1e18e0b48c749"
  integrity sha512-p2igcEr/iGrLiTu0YePNHyby0WYAXM14c5cECZIVnq/UTOOIQ7xIcWZJ1lRbAEPxVVXPN1UibhZAbr3HAb5BjQ==
  dependencies:
    "@babel/runtime" "^7.7.2"
    "@jimp/utils" "^0.14.0"

"@jimp/plugin-threshold@^0.14.0":
  version "0.14.0"
  resolved "https://registry.yarnpkg.com/@jimp/plugin-threshold/-/plugin-threshold-0.14.0.tgz#ebd72721c7d1d518c5bb6e494e55d97ac3351d3b"
  integrity sha512-N4BlDgm/FoOMV/DQM2rSpzsgqAzkP0DXkWZoqaQrlRxQBo4zizQLzhEL00T/YCCMKnddzgEhnByaocgaaa0fKw==
  dependencies:
    "@babel/runtime" "^7.7.2"
    "@jimp/utils" "^0.14.0"

"@jimp/plugins@^0.14.0":
  version "0.14.0"
  resolved "https://registry.yarnpkg.com/@jimp/plugins/-/plugins-0.14.0.tgz#41dba85f15ab8dadb4162100eb54e5f27b93ee2c"
  integrity sha512-vDO3XT/YQlFlFLq5TqNjQkISqjBHT8VMhpWhAfJVwuXIpilxz5Glu4IDLK6jp4IjPR6Yg2WO8TmRY/HI8vLrOw==
  dependencies:
    "@babel/runtime" "^7.7.2"
    "@jimp/plugin-blit" "^0.14.0"
    "@jimp/plugin-blur" "^0.14.0"
    "@jimp/plugin-circle" "^0.14.0"
    "@jimp/plugin-color" "^0.14.0"
    "@jimp/plugin-contain" "^0.14.0"
    "@jimp/plugin-cover" "^0.14.0"
    "@jimp/plugin-crop" "^0.14.0"
    "@jimp/plugin-displace" "^0.14.0"
    "@jimp/plugin-dither" "^0.14.0"
    "@jimp/plugin-fisheye" "^0.14.0"
    "@jimp/plugin-flip" "^0.14.0"
    "@jimp/plugin-gaussian" "^0.14.0"
    "@jimp/plugin-invert" "^0.14.0"
    "@jimp/plugin-mask" "^0.14.0"
    "@jimp/plugin-normalize" "^0.14.0"
    "@jimp/plugin-print" "^0.14.0"
    "@jimp/plugin-resize" "^0.14.0"
    "@jimp/plugin-rotate" "^0.14.0"
    "@jimp/plugin-scale" "^0.14.0"
    "@jimp/plugin-shadow" "^0.14.0"
    "@jimp/plugin-threshold" "^0.14.0"
    timm "^1.6.1"

"@jimp/png@^0.14.0":
  version "0.14.0"
  resolved "https://registry.yarnpkg.com/@jimp/png/-/png-0.14.0.tgz#0f2dddb5125c0795ca7e67c771204c5437fcda4b"
  integrity sha512-0RV/mEIDOrPCcNfXSPmPBqqSZYwGADNRVUTyMt47RuZh7sugbYdv/uvKmQSiqRdR0L1sfbCBMWUEa5G/8MSbdA==
  dependencies:
    "@babel/runtime" "^7.7.2"
    "@jimp/utils" "^0.14.0"
    pngjs "^3.3.3"

"@jimp/tiff@^0.14.0":
  version "0.14.0"
  resolved "https://registry.yarnpkg.com/@jimp/tiff/-/tiff-0.14.0.tgz#a5b25bbe7c43fc3b07bad4e2ab90e0e164c1967f"
  integrity sha512-zBYDTlutc7j88G/7FBCn3kmQwWr0rmm1e0FKB4C3uJ5oYfT8645lftUsvosKVUEfkdmOaMAnhrf4ekaHcb5gQw==
  dependencies:
    "@babel/runtime" "^7.7.2"
    utif "^2.0.1"

"@jimp/types@^0.14.0":
  version "0.14.0"
  resolved "https://registry.yarnpkg.com/@jimp/types/-/types-0.14.0.tgz#ef681ff702883c5f105b5e4e30d49abf39ee9e34"
  integrity sha512-hx3cXAW1KZm+b+XCrY3LXtdWy2U+hNtq0rPyJ7NuXCjU7lZR3vIkpz1DLJ3yDdS70hTi5QDXY3Cd9kd6DtloHQ==
  dependencies:
    "@babel/runtime" "^7.7.2"
    "@jimp/bmp" "^0.14.0"
    "@jimp/gif" "^0.14.0"
    "@jimp/jpeg" "^0.14.0"
    "@jimp/png" "^0.14.0"
    "@jimp/tiff" "^0.14.0"
    timm "^1.6.1"

"@jimp/utils@^0.14.0":
  version "0.14.0"
  resolved "https://registry.yarnpkg.com/@jimp/utils/-/utils-0.14.0.tgz#296254e63118554c62c31c19ac6b8c4bfe6490e5"
  integrity sha512-MY5KFYUru0y74IsgM/9asDwb3ERxWxXEu3CRCZEvE7DtT86y1bR1XgtlSliMrptjz4qbivNGMQSvUBpEFJDp1A==
  dependencies:
    "@babel/runtime" "^7.7.2"
    regenerator-runtime "^0.13.3"

accepts@^1.3.5:
  version "1.3.7"
  resolved "https://registry.yarnpkg.com/accepts/-/accepts-1.3.7.tgz#531bc726517a3b2b41f850021c6cc15eaab507cd"
  integrity sha512-Il80Qs2WjYlJIBNzNkK6KYqlVMTbZLXgHx2oT0pU/fjRHyEp+PEfEPY0R3WCwAGVOtauxh1hOxNgIf5bv7dQpA==
  dependencies:
    mime-types "~2.1.24"
    negotiator "0.6.2"

any-base@^1.1.0:
  version "1.1.0"
  resolved "https://registry.yarnpkg.com/any-base/-/any-base-1.1.0.tgz#ae101a62bc08a597b4c9ab5b7089d456630549fe"
  integrity sha512-uMgjozySS8adZZYePpaWs8cxB9/kdzmpX6SgJZ+wbz1K5eYk5QMYDVJaZKhxyIHUdnnJkfR7SVgStgH7LkGUyg==

any-promise@^1.0.0, any-promise@^1.1.0:
  version "1.3.0"
  resolved "https://registry.yarnpkg.com/any-promise/-/any-promise-1.3.0.tgz#abc6afeedcea52e809cdc0376aed3ce39635d17f"
  integrity sha1-q8av7tzqUugJzcA3au0845Y10X8=

async@0.2.10:
  version "0.2.10"
  resolved "https://registry.yarnpkg.com/async/-/async-0.2.10.tgz#b6bbe0b0674b9d719708ca38de8c237cb526c3d1"
  integrity sha1-trvgsGdLnXGXCMo43owjfLUmw9E=

axios@^0.19.2:
  version "0.19.2"
  resolved "https://registry.yarnpkg.com/axios/-/axios-0.19.2.tgz#3ea36c5d8818d0d5f8a8a97a6d36b86cdc00cb27"
  integrity sha512-fjgm5MvRHLhx+osE2xoekY70AhARk3a6hkN+3Io1jc00jtquGvxYlKlsFUhmUET0V5te6CcZI7lcv2Ym61mjHA==
  dependencies:
    follow-redirects "1.5.10"

base64-js@^1.0.2:
  version "1.3.1"
  resolved "https://registry.yarnpkg.com/base64-js/-/base64-js-1.3.1.tgz#58ece8cb75dd07e71ed08c736abc5fac4dbf8df1"
  integrity sha512-mLQ4i2QO1ytvGWFWmcngKO//JXAQueZvwEKtjgQFM4jIK0kU+ytMfplL8j+n5mspOfjHwoAg+9yhb7BwAHm36g==

binary-search-tree@0.2.5:
  version "0.2.5"
  resolved "https://registry.yarnpkg.com/binary-search-tree/-/binary-search-tree-0.2.5.tgz#7dbb3b210fdca082450dad2334c304af39bdc784"
  integrity sha1-fbs7IQ/coIJFDa0jNMMErzm9x4Q=
  dependencies:
    underscore "~1.4.4"

bmp-js@^0.1.0:
  version "0.1.0"
  resolved "https://registry.yarnpkg.com/bmp-js/-/bmp-js-0.1.0.tgz#e05a63f796a6c1ff25f4771ec7adadc148c07233"
  integrity sha1-4Fpj95amwf8l9Hcex62twUjAcjM=

buffer-equal@0.0.1:
  version "0.0.1"
  resolved "https://registry.yarnpkg.com/buffer-equal/-/buffer-equal-0.0.1.tgz#91bc74b11ea405bc916bc6aa908faafa5b4aac4b"
  integrity sha1-kbx0sR6kBbyRa8aqkI+q+ltKrEs=

buffer@^5.2.0:
  version "5.6.0"
  resolved "https://registry.yarnpkg.com/buffer/-/buffer-5.6.0.tgz#a31749dc7d81d84db08abf937b6b8c4033f62786"
  integrity sha512-/gDYp/UtU0eA1ys8bOs9J6a+E/KWIY+DZ+Q2WESNUA0jFRsJOc0SNUO6xJ5SGA1xueg3NL65W6s+NY5l9cunuw==
  dependencies:
    base64-js "^1.0.2"
    ieee754 "^1.1.4"

cache-content-type@^1.0.0:
  version "1.0.1"
  resolved "https://registry.yarnpkg.com/cache-content-type/-/cache-content-type-1.0.1.tgz#035cde2b08ee2129f4a8315ea8f00a00dba1453c"
  integrity sha512-IKufZ1o4Ut42YUrZSo8+qnMTrFuKkvyoLXUywKz9GJ5BrhOFGhLdkx9sG4KAnVvbY6kEcSFjLQul+DVmBm2bgA==
  dependencies:
    mime-types "^2.1.18"
    ylru "^1.2.0"

co@^4.6.0:
  version "4.6.0"
  resolved "https://registry.yarnpkg.com/co/-/co-4.6.0.tgz#6ea6bdf3d853ae54ccb8e47bfa0bf3f9031fb184"
  integrity sha1-bqa989hTrlTMuOR7+gvz+QMfsYQ=

content-disposition@~0.5.2:
  version "0.5.3"
  resolved "https://registry.yarnpkg.com/content-disposition/-/content-disposition-0.5.3.tgz#e130caf7e7279087c5616c2007d0485698984fbd"
  integrity sha512-ExO0774ikEObIAEV9kDo50o+79VCUdEB6n6lzKgGwupcVeRlhrj3qGAfwq8G6uBJjkqLrhT0qEYFcWng8z1z0g==
  dependencies:
    safe-buffer "5.1.2"

content-type@^1.0.4:
  version "1.0.4"
  resolved "https://registry.yarnpkg.com/content-type/-/content-type-1.0.4.tgz#e138cc75e040c727b1966fe5e5f8c9aee256fe3b"
  integrity sha512-hIP3EEPs8tB9AT1L+NUqtwOAps4mk2Zob89MWXMHjHWg9milF/j4osnnQLXBCBFBk/tvIG/tUc9mOUJiPBhPXA==

cookies@~0.8.0:
  version "0.8.0"
  resolved "https://registry.yarnpkg.com/cookies/-/cookies-0.8.0.tgz#1293ce4b391740a8406e3c9870e828c4b54f3f90"
  integrity sha512-8aPsApQfebXnuI+537McwYsDtjVxGm8gTIzQI3FDW6t5t/DAhERxtnbEPN/8RX+uZthoz4eCOgloXaE5cYyNow==
  dependencies:
    depd "~2.0.0"
    keygrip "~1.1.0"

date-format@^2.1.0:
  version "2.1.0"
  resolved "https://registry.yarnpkg.com/date-format/-/date-format-2.1.0.tgz#31d5b5ea211cf5fd764cd38baf9d033df7e125cf"
  integrity sha512-bYQuGLeFxhkxNOF3rcMtiZxvCBAquGzZm6oWA1oZ0g2THUzivaRhv8uOhdr19LmoobSOLoIAxeUK2RdbM8IFTA==

date-format@^3.0.0:
  version "3.0.0"
  resolved "https://registry.yarnpkg.com/date-format/-/date-format-3.0.0.tgz#eb8780365c7d2b1511078fb491e6479780f3ad95"
  integrity sha512-eyTcpKOcamdhWJXj56DpQMo1ylSQpcGtGKXcU0Tb97+K56/CF5amAqqqNj0+KvA0iw2ynxtHWFsPDSClCxe48w==

debug@=3.1.0, debug@~3.1.0:
  version "3.1.0"
  resolved "https://registry.yarnpkg.com/debug/-/debug-3.1.0.tgz#5bb5a0672628b64149566ba16819e61518c67261"
  integrity sha512-OX8XqP7/1a9cqkxYw2yXss15f26NKWBpDXQd0/uK/KPqdQhxbPa994hnzjcE2VqQpDslf55723cKPUOGSmMY3g==
  dependencies:
    ms "2.0.0"

debug@^3.1.0:
  version "3.2.6"
  resolved "https://registry.yarnpkg.com/debug/-/debug-3.2.6.tgz#e83d17de16d8a7efb7717edbe5fb10135eee629b"
  integrity sha512-mel+jf7nrtEl5Pn1Qx46zARXKDpBbvzezse7p7LqINmdoIk8PYP5SySaxEmYv6TZ0JyEKA1hsCId6DIhgITtWQ==
  dependencies:
    ms "^2.1.1"

debug@^4.1.1:
  version "4.1.1"
  resolved "https://registry.yarnpkg.com/debug/-/debug-4.1.1.tgz#3b72260255109c6b589cee050f1d516139664791"
  integrity sha512-pYAIzeRo8J6KPEaJ0VWOh5Pzkbw/RetuzehGM7QRRX5he4fPHx2rdKMB256ehJCkX+XRQm16eZLqLNS8RSZXZw==
  dependencies:
    ms "^2.1.1"

deep-equal@~1.0.1:
  version "1.0.1"
  resolved "https://registry.yarnpkg.com/deep-equal/-/deep-equal-1.0.1.tgz#f5d260292b660e084eff4cdbc9f08ad3247448b5"
  integrity sha1-9dJgKStmDghO/0zbyfCK0yR0SLU=

delegates@^1.0.0:
  version "1.0.0"
  resolved "https://registry.yarnpkg.com/delegates/-/delegates-1.0.0.tgz#84c6e159b81904fdca59a0ef44cd870d31250f9a"
  integrity sha1-hMbhWbgZBP3KWaDvRM2HDTElD5o=

depd@^1.1.2, depd@~1.1.2:
  version "1.1.2"
  resolved "https://registry.yarnpkg.com/depd/-/depd-1.1.2.tgz#9bcd52e14c097763e749b274c4346ed2e560b5a9"
  integrity sha1-m81S4UwJd2PnSbJ0xDRu0uVgtak=

depd@~2.0.0:
  version "2.0.0"
  resolved "https://registry.yarnpkg.com/depd/-/depd-2.0.0.tgz#b696163cc757560d09cf22cc8fad1571b79e76df"
  integrity sha512-g7nH6P6dyDioJogAAGprGpCtVImJhpPk/roCzdb3fIh61/s/nPsfR6onyMwkCAR/OlC3yBC0lESvUoQEAssIrw==

destroy@^1.0.4:
  version "1.0.4"
  resolved "https://registry.yarnpkg.com/destroy/-/destroy-1.0.4.tgz#978857442c44749e4206613e37946205826abd80"
  integrity sha1-l4hXRCxEdJ5CBmE+N5RiBYJqvYA=

dom-walk@^0.1.0:
  version "0.1.2"
  resolved "https://registry.yarnpkg.com/dom-walk/-/dom-walk-0.1.2.tgz#0c548bef048f4d1f2a97249002236060daa3fd84"
  integrity sha512-6QvTW9mrGeIegrFXdtQi9pk7O/nSK6lSdXW2eqUspN5LWD7UTji2Fqw5V2YLjBpHEoU9Xl/eUWNpDeZvoyOv2w==

ee-first@1.1.1:
  version "1.1.1"
  resolved "https://registry.yarnpkg.com/ee-first/-/ee-first-1.1.1.tgz#590c61156b0ae2f4f0255732a158b266bc56b21d"
  integrity sha1-WQxhFWsK4vTwJVcyoViyZrxWsh0=

encodeurl@^1.0.2:
  version "1.0.2"
  resolved "https://registry.yarnpkg.com/encodeurl/-/encodeurl-1.0.2.tgz#ad3ff4c86ec2d029322f5a02c3a9a606c95b3f59"
  integrity sha1-rT/0yG7C0CkyL1oCw6mmBslbP1k=

escape-html@^1.0.3:
  version "1.0.3"
  resolved "https://registry.yarnpkg.com/escape-html/-/escape-html-1.0.3.tgz#0258eae4d3d0c0974de1c169188ef0051d1d1988"
  integrity sha1-Aljq5NPQwJdN4cFpGI7wBR0dGYg=

exif-parser@^0.1.12:
  version "0.1.12"
  resolved "https://registry.yarnpkg.com/exif-parser/-/exif-parser-0.1.12.tgz#58a9d2d72c02c1f6f02a0ef4a9166272b7760922"
  integrity sha1-WKnS1ywCwfbwKg70qRZicrd2CSI=

express-useragent@^1.0.13:
  version "1.0.13"
  resolved "https://registry.yarnpkg.com/express-useragent/-/express-useragent-1.0.13.tgz#82f7c252037a388c0412e22a59b2b128574f7e16"
  integrity sha512-3RGcGuXbyr/t62yyu3CRLFS9Fc30tWiVd6TQ1/C7mdQU4Yv7UPfSvtAkYfqoaH2FMkQvrXD7V/FtpFhy6MfUcg==

file-type@^9.0.0:
  version "9.0.0"
  resolved "https://registry.yarnpkg.com/file-type/-/file-type-9.0.0.tgz#a68d5ad07f486414dfb2c8866f73161946714a18"
  integrity sha512-Qe/5NJrgIOlwijpq3B7BEpzPFcgzggOTagZmkXQY4LA6bsXKTUstK7Wp12lEJ/mLKTpvIZxmIuRcLYWT6ov9lw==

flatted@^2.0.1:
  version "2.0.2"
  resolved "https://registry.yarnpkg.com/flatted/-/flatted-2.0.2.tgz#4575b21e2bcee7434aa9be662f4b7b5f9c2b5138"
  integrity sha512-r5wGx7YeOwNWNlCA0wQ86zKyDLMQr+/RB8xy74M4hTphfmjlijTSSXGuH8rnvKZnfT9i+75zmd8jcKdMR4O6jA==

follow-redirects@1.5.10:
  version "1.5.10"
  resolved "https://registry.yarnpkg.com/follow-redirects/-/follow-redirects-1.5.10.tgz#7b7a9f9aea2fdff36786a94ff643ed07f4ff5e2a"
  integrity sha512-0V5l4Cizzvqt5D44aTXbFZz+FtyXV1vrDN6qrelxtfYQKW0KO0W2T/hkE8xvGa/540LkZlkaUjO4ailYTFtHVQ==
  dependencies:
    debug "=3.1.0"

fresh@~0.5.2:
  version "0.5.2"
  resolved "https://registry.yarnpkg.com/fresh/-/fresh-0.5.2.tgz#3d8cadd90d976569fa835ab1f8e4b23a105605a7"
  integrity sha1-PYyt2Q2XZWn6g1qx+OSyOhBWBac=

fs-extra@^8.1.0:
  version "8.1.0"
  resolved "https://registry.yarnpkg.com/fs-extra/-/fs-extra-8.1.0.tgz#49d43c45a88cd9677668cb7be1b46efdb8d2e1c0"
  integrity sha512-yhlQgA6mnOJUKOsRUFsgJdQCvkKhcz8tlZG5HBQfReYZy46OwLcY+Zia0mtdHsOo9y/hP+CxMN0TU9QxoOtG4g==
  dependencies:
    graceful-fs "^4.2.0"
    jsonfile "^4.0.0"
    universalify "^0.1.0"

gifwrap@^0.9.2:
  version "0.9.2"
  resolved "https://registry.yarnpkg.com/gifwrap/-/gifwrap-0.9.2.tgz#348e286e67d7cf57942172e1e6f05a71cee78489"
  integrity sha512-fcIswrPaiCDAyO8xnWvHSZdWChjKXUanKKpAiWWJ/UTkEi/aYKn5+90e7DE820zbEaVR9CE2y4z9bzhQijZ0BA==
  dependencies:
    image-q "^1.1.1"
    omggif "^1.0.10"

global@~4.3.0:
  version "4.3.2"
  resolved "https://registry.yarnpkg.com/global/-/global-4.3.2.tgz#e76989268a6c74c38908b1305b10fc0e394e9d0f"
  integrity sha1-52mJJopsdMOJCLEwWxD8DjlOnQ8=
  dependencies:
    min-document "^2.19.0"
    process "~0.5.1"

graceful-fs@^4.1.6, graceful-fs@^4.2.0:
  version "4.2.4"
  resolved "https://registry.yarnpkg.com/graceful-fs/-/graceful-fs-4.2.4.tgz#2256bde14d3632958c465ebc96dc467ca07a29fb"
  integrity sha512-WjKPNJF79dtJAVniUlGGWHYGz2jWxT6VhN/4m1NdkbZ2nOsEF+cI1Edgql5zCRhs/VsQYRvrXctxktVXZUkixw==

http-assert@^1.3.0:
  version "1.4.1"
  resolved "https://registry.yarnpkg.com/http-assert/-/http-assert-1.4.1.tgz#c5f725d677aa7e873ef736199b89686cceb37878"
  integrity sha512-rdw7q6GTlibqVVbXr0CKelfV5iY8G2HqEUkhSk297BMbSpSL8crXC+9rjKoMcZZEsksX30le6f/4ul4E28gegw==
  dependencies:
    deep-equal "~1.0.1"
    http-errors "~1.7.2"

http-errors@^1.6.3, http-errors@^1.7.3:
  version "1.8.0"
  resolved "https://registry.yarnpkg.com/http-errors/-/http-errors-1.8.0.tgz#75d1bbe497e1044f51e4ee9e704a62f28d336507"
  integrity sha512-4I8r0C5JDhT5VkvI47QktDW75rNlGVsUf/8hzjCC/wkWI/jdTRmBb9aI7erSG82r1bjKY3F6k28WnsVxB1C73A==
  dependencies:
    depd "~1.1.2"
    inherits "2.0.4"
    setprototypeof "1.2.0"
    statuses ">= 1.5.0 < 2"
    toidentifier "1.0.0"

http-errors@~1.6.2:
  version "1.6.3"
  resolved "https://registry.yarnpkg.com/http-errors/-/http-errors-1.6.3.tgz#8b55680bb4be283a0b5bf4ea2e38580be1d9320d"
  integrity sha1-i1VoC7S+KDoLW/TqLjhYC+HZMg0=
  dependencies:
    depd "~1.1.2"
    inherits "2.0.3"
    setprototypeof "1.1.0"
    statuses ">= 1.4.0 < 2"

http-errors@~1.7.2:
  version "1.7.3"
  resolved "https://registry.yarnpkg.com/http-errors/-/http-errors-1.7.3.tgz#6c619e4f9c60308c38519498c14fbb10aacebb06"
  integrity sha512-ZTTX0MWrsQ2ZAhA1cejAwDLycFsd7I7nVtnkT3Ol0aqodaKW+0CTZDQ1uBv5whptCnc8e8HeRRJxRs0kmm/Qfw==
  dependencies:
    depd "~1.1.2"
    inherits "2.0.4"
    setprototypeof "1.1.1"
    statuses ">= 1.5.0 < 2"
    toidentifier "1.0.0"

ieee754@^1.1.4:
  version "1.1.13"
  resolved "https://registry.yarnpkg.com/ieee754/-/ieee754-1.1.13.tgz#ec168558e95aa181fd87d37f55c32bbcb6708b84"
  integrity sha512-4vf7I2LYV/HaWerSo3XmlMkp5eZ83i+/CDluXi/IGTs/O1sejBNhTtnxzmRZfvOUqj7lZjqHkeTvpgSFDlWZTg==

image-q@^1.1.1:
  version "1.1.1"
  resolved "https://registry.yarnpkg.com/image-q/-/image-q-1.1.1.tgz#fc84099664460b90ca862d9300b6bfbbbfbf8056"
  integrity sha1-/IQJlmRGC5DKhi2TALa/u7+/gFY=

immediate@~3.0.5:
  version "3.0.6"
  resolved "https://registry.yarnpkg.com/immediate/-/immediate-3.0.6.tgz#9db1dbd0faf8de6fbe0f5dd5e56bb606280de69b"
  integrity sha1-nbHb0Pr43m++D13V5Wu2BigN5ps=

inherits@2.0.3:
  version "2.0.3"
  resolved "https://registry.yarnpkg.com/inherits/-/inherits-2.0.3.tgz#633c2c83e3da42a502f52466022480f4208261de"
  integrity sha1-Yzwsg+PaQqUC9SRmAiSA9CCCYd4=

inherits@2.0.4:
  version "2.0.4"
  resolved "https://registry.yarnpkg.com/inherits/-/inherits-2.0.4.tgz#0fa2c64f932917c3433a0ded55363aae37416b7c"
  integrity sha512-k/vGaX4/Yla3WzyMCvTQOXYeIHvqOKtnqBduzTHpzpQZzAskKMhZ2K+EnBiSM9zGSoIFeMpXKxa4dYeZIQqewQ==

is-function@^1.0.1:
  version "1.0.2"
  resolved "https://registry.yarnpkg.com/is-function/-/is-function-1.0.2.tgz#4f097f30abf6efadac9833b17ca5dc03f8144e08"
  integrity sha512-lw7DUp0aWXYg+CBCN+JKkcE0Q2RayZnSvnZBlwgxHBQhqt5pZNVy4Ri7H9GmmXkdu7LUthszM+Tor1u/2iBcpQ==

is-generator-function@^1.0.7:
  version "1.0.7"
  resolved "https://registry.yarnpkg.com/is-generator-function/-/is-generator-function-1.0.7.tgz#d2132e529bb0000a7f80794d4bdf5cd5e5813522"
  integrity sha512-YZc5EwyO4f2kWCax7oegfuSr9mFz1ZvieNYBEjmukLxgXfBUbxAWGVF7GZf0zidYtoBl3WvC07YK0wT76a+Rtw==

jimp@^0.14.0:
  version "0.14.0"
  resolved "https://registry.yarnpkg.com/jimp/-/jimp-0.14.0.tgz#fde55f69bdb918c1b01ac633d89a25853af85625"
  integrity sha512-8BXU+J8+SPmwwyq9ELihpSV4dWPTiOKBWCEgtkbnxxAVMjXdf3yGmyaLSshBfXc8sP/JQ9OZj5R8nZzz2wPXgA==
  dependencies:
    "@babel/runtime" "^7.7.2"
    "@jimp/custom" "^0.14.0"
    "@jimp/plugins" "^0.14.0"
    "@jimp/types" "^0.14.0"
    regenerator-runtime "^0.13.3"

jpeg-js@^0.4.0:
  version "0.4.1"
  resolved "https://registry.yarnpkg.com/jpeg-js/-/jpeg-js-0.4.1.tgz#937a3ae911eb6427f151760f8123f04c8bfe6ef7"
  integrity sha512-jA55yJiB5tCXEddos8JBbvW+IMrqY0y1tjjx9KNVtA+QPmu7ND5j0zkKopClpUTsaETL135uOM2XfcYG4XRjmw==

jsonfile@^4.0.0:
  version "4.0.0"
  resolved "https://registry.yarnpkg.com/jsonfile/-/jsonfile-4.0.0.tgz#8771aae0799b64076b76640fca058f9c10e33ecb"
  integrity sha1-h3Gq4HmbZAdrdmQPygWPnBDjPss=
  optionalDependencies:
    graceful-fs "^4.1.6"

keygrip@~1.1.0:
  version "1.1.0"
  resolved "https://registry.yarnpkg.com/keygrip/-/keygrip-1.1.0.tgz#871b1681d5e159c62a445b0c74b615e0917e7226"
  integrity sha512-iYSchDJ+liQ8iwbSI2QqsQOvqv58eJCEanyJPJi+Khyu8smkcKSFUCbPwzFcL7YVtZ6eONjqRX/38caJ7QjRAQ==
  dependencies:
    tsscmp "1.0.6"

koa-compose@^3.0.0:
  version "3.2.1"
  resolved "https://registry.yarnpkg.com/koa-compose/-/koa-compose-3.2.1.tgz#a85ccb40b7d986d8e5a345b3a1ace8eabcf54de7"
  integrity sha1-qFzLQLfZhtjlo0Wzoazo6rz1Tec=
  dependencies:
    any-promise "^1.1.0"

koa-compose@^4.1.0:
  version "4.1.0"
  resolved "https://registry.yarnpkg.com/koa-compose/-/koa-compose-4.1.0.tgz#507306b9371901db41121c812e923d0d67d3e877"
  integrity sha512-8ODW8TrDuMYvXRwra/Kh7/rJo9BtOfPc6qO8eAfC80CnCvSjSl0bkRM24X6/XBBEyj0v1nRUQ1LyOy3dbqOWXw==

koa-convert@^1.2.0:
  version "1.2.0"
  resolved "https://registry.yarnpkg.com/koa-convert/-/koa-convert-1.2.0.tgz#da40875df49de0539098d1700b50820cebcd21d0"
  integrity sha1-2kCHXfSd4FOQmNFwC1CCDOvNIdA=
  dependencies:
    co "^4.6.0"
    koa-compose "^3.0.0"

koa-router@^9.1.0:
  version "9.1.0"
  resolved "https://registry.yarnpkg.com/koa-router/-/koa-router-9.1.0.tgz#47d1ce2109fd62b1d76eb42df90b635ff93b6831"
  integrity sha512-5xakU0Ip2oFXPaA5882NTLopb5iaNfipBmTU5AoGbgDHOsHqRQDnaMnazj8DmDCt2rSxNB2TBBVLO9OiM0TvdA==
  dependencies:
    debug "^4.1.1"
    http-errors "^1.7.3"
    koa-compose "^4.1.0"
    methods "^1.1.2"
    path-to-regexp "^6.1.0"

koa-send@^5.0.0:
  version "5.0.0"
  resolved "https://registry.yarnpkg.com/koa-send/-/koa-send-5.0.0.tgz#5e8441e07ef55737734d7ced25b842e50646e7eb"
  integrity sha512-90ZotV7t0p3uN9sRwW2D484rAaKIsD8tAVtypw/aBU+ryfV+fR2xrcAwhI8Wl6WRkojLUs/cB9SBSCuIb+IanQ==
  dependencies:
    debug "^3.1.0"
    http-errors "^1.6.3"
    mz "^2.7.0"
    resolve-path "^1.4.0"

koa-static@^5.0.0:
  version "5.0.0"
  resolved "https://registry.yarnpkg.com/koa-static/-/koa-static-5.0.0.tgz#5e92fc96b537ad5219f425319c95b64772776943"
  integrity sha512-UqyYyH5YEXaJrf9S8E23GoJFQZXkBVJ9zYYMPGz919MSX1KuvAcycIuS0ci150HCoPf4XQVhQ84Qf8xRPWxFaQ==
  dependencies:
    debug "^3.1.0"
    koa-send "^5.0.0"

koa-useragent@^4.0.0:
  version "4.0.0"
  resolved "https://registry.yarnpkg.com/koa-useragent/-/koa-useragent-4.0.0.tgz#4177730a03ddb06f503aea7635fa22a9db5af961"
  integrity sha512-mcfQ5xuyxFq8R19g6BPicrVimfiDqShoOGXLcbcG3QgHy7RiQy9lHzKRfU9Vf9OYIPSYKxq+L4oX50XvON0UCA==
  dependencies:
    express-useragent "^1.0.13"

koa@^2.13.0:
  version "2.13.0"
  resolved "https://registry.yarnpkg.com/koa/-/koa-2.13.0.tgz#25217e05efd3358a7e5ddec00f0a380c9b71b501"
  integrity sha512-i/XJVOfPw7npbMv67+bOeXr3gPqOAw6uh5wFyNs3QvJ47tUx3M3V9rIE0//WytY42MKz4l/MXKyGkQ2LQTfLUQ==
  dependencies:
    accepts "^1.3.5"
    cache-content-type "^1.0.0"
    content-disposition "~0.5.2"
    content-type "^1.0.4"
    cookies "~0.8.0"
    debug "~3.1.0"
    delegates "^1.0.0"
    depd "^1.1.2"
    destroy "^1.0.4"
    encodeurl "^1.0.2"
    escape-html "^1.0.3"
    fresh "~0.5.2"
    http-assert "^1.3.0"
    http-errors "^1.6.3"
    is-generator-function "^1.0.7"
    koa-compose "^4.1.0"
    koa-convert "^1.2.0"
    on-finished "^2.3.0"
    only "~0.0.2"
    parseurl "^1.3.2"
    statuses "^1.5.0"
    type-is "^1.6.16"
    vary "^1.1.2"

lie@3.1.1:
  version "3.1.1"
  resolved "https://registry.yarnpkg.com/lie/-/lie-3.1.1.tgz#9a436b2cc7746ca59de7a41fa469b3efb76bd87e"
  integrity sha1-mkNrLMd0bKWd56QfpGmz77dr2H4=
  dependencies:
    immediate "~3.0.5"

load-bmfont@^1.3.1, load-bmfont@^1.4.0:
  version "1.4.1"
  resolved "https://registry.yarnpkg.com/load-bmfont/-/load-bmfont-1.4.1.tgz#c0f5f4711a1e2ccff725a7b6078087ccfcddd3e9"
  integrity sha512-8UyQoYmdRDy81Brz6aLAUhfZLwr5zV0L3taTQ4hju7m6biuwiWiJXjPhBJxbUQJA8PrkvJ/7Enqmwk2sM14soA==
  dependencies:
    buffer-equal "0.0.1"
    mime "^1.3.4"
    parse-bmfont-ascii "^1.0.3"
    parse-bmfont-binary "^1.0.5"
    parse-bmfont-xml "^1.1.4"
    phin "^2.9.1"
    xhr "^2.0.1"
    xtend "^4.0.0"

localforage@^1.3.0:
  version "1.7.4"
  resolved "https://registry.yarnpkg.com/localforage/-/localforage-1.7.4.tgz#88b59cc9b25ae54c76bb2c080b21ec832c22d3f6"
  integrity sha512-3EmVZatmNVeCo/t6Te7P06h2alGwbq8wXlSkcSXMvDE2/edPmsVqTPlzGnZaqwZZDBs6v+kxWpqjVsqsNJT8jA==
  dependencies:
    lie "3.1.1"

log4js@^6.3.0:
  version "6.3.0"
  resolved "https://registry.yarnpkg.com/log4js/-/log4js-6.3.0.tgz#10dfafbb434351a3e30277a00b9879446f715bcb"
  integrity sha512-Mc8jNuSFImQUIateBFwdOQcmC6Q5maU0VVvdC2R6XMb66/VnT+7WS4D/0EeNMZu1YODmJe5NIn2XftCzEocUgw==
  dependencies:
    date-format "^3.0.0"
    debug "^4.1.1"
    flatted "^2.0.1"
    rfdc "^1.1.4"
    streamroller "^2.2.4"

media-typer@0.3.0:
  version "0.3.0"
  resolved "https://registry.yarnpkg.com/media-typer/-/media-typer-0.3.0.tgz#8710d7af0aa626f8fffa1ce00168545263255748"
  integrity sha1-hxDXrwqmJvj/+hzgAWhUUmMlV0g=

methods@^1.1.2:
  version "1.1.2"
  resolved "https://registry.yarnpkg.com/methods/-/methods-1.1.2.tgz#5529a4d67654134edcc5266656835b0f851afcee"
  integrity sha1-VSmk1nZUE07cxSZmVoNbD4Ua/O4=

mime-db@1.44.0:
  version "1.44.0"
  resolved "https://registry.yarnpkg.com/mime-db/-/mime-db-1.44.0.tgz#fa11c5eb0aca1334b4233cb4d52f10c5a6272f92"
  integrity sha512-/NOTfLrsPBVeH7YtFPgsVWveuL+4SjjYxaQ1xtM1KMFj7HdxlBlxeyNLzhyJVx7r4rZGJAZ/6lkKCitSc/Nmpg==

mime-types@^2.1.18, mime-types@~2.1.24:
  version "2.1.27"
  resolved "https://registry.yarnpkg.com/mime-types/-/mime-types-2.1.27.tgz#47949f98e279ea53119f5722e0f34e529bec009f"
  integrity sha512-JIhqnCasI9yD+SsmkquHBxTSEuZdQX5BuQnS2Vc7puQQQ+8yiP5AY5uWhpdv4YL4VM5c6iliiYWPgJ/nJQLp7w==
  dependencies:
    mime-db "1.44.0"

mime@^1.3.4:
  version "1.6.0"
  resolved "https://registry.yarnpkg.com/mime/-/mime-1.6.0.tgz#32cd9e5c64553bd58d19a568af452acff04981b1"
  integrity sha512-x0Vn8spI+wuJ1O6S7gnbaQg8Pxh4NNHb7KSINmEWKiPE4RKOplvijn+NkmYmmRgP68mc70j2EbeTFRsrswaQeg==

min-document@^2.19.0:
  version "2.19.0"
  resolved "https://registry.yarnpkg.com/min-document/-/min-document-2.19.0.tgz#7bd282e3f5842ed295bb748cdd9f1ffa2c824685"
  integrity sha1-e9KC4/WELtKVu3SM3Z8f+iyCRoU=
  dependencies:
    dom-walk "^0.1.0"

minimist@^1.2.5:
  version "1.2.6"
  resolved "https://registry.yarnpkg.com/minimist/-/minimist-1.2.6.tgz#8637a5b759ea0d6e98702cfb3a9283323c93af44"
  integrity sha512-Jsjnk4bw3YJqYzbdyBiNsPWHPfO++UGG749Cxs6peCu5Xg4nrena6OVxOYxrQTqww0Jmwt+Ref8rggumkTLz9Q==

mkdirp@^0.5.1, mkdirp@~0.5.1:
  version "0.5.5"
  resolved "https://registry.yarnpkg.com/mkdirp/-/mkdirp-0.5.5.tgz#d91cefd62d1436ca0f41620e251288d420099def"
  integrity sha512-NKmAlESf6jMGym1++R0Ra7wvhV+wFW63FaSOFPwRahvea0gMUcGUhVeAg/0BC0wiv9ih5NYPB1Wn1UEI1/L+xQ==
  dependencies:
    minimist "^1.2.5"

ms@2.0.0:
  version "2.0.0"
  resolved "https://registry.yarnpkg.com/ms/-/ms-2.0.0.tgz#5608aeadfc00be6c2901df5f9861788de0d597c8"
  integrity sha1-VgiurfwAvmwpAd9fmGF4jeDVl8g=

ms@^2.1.1:
  version "2.1.2"
  resolved "https://registry.yarnpkg.com/ms/-/ms-2.1.2.tgz#d09d1f357b443f493382a8eb3ccd183872ae6009"
  integrity sha512-sGkPx+VjMtmA6MX27oA4FBFELFCZZ4S4XqeGOXCv68tT+jb3vk/RyaKWP0PTKyWtmLSM0b+adUTEvbs1PEaH2w==

mz@^2.7.0:
  version "2.7.0"
  resolved "https://registry.yarnpkg.com/mz/-/mz-2.7.0.tgz#95008057a56cafadc2bc63dde7f9ff6955948e32"
  integrity sha512-z81GNO7nnYMEhrGh9LeymoE4+Yr0Wn5McHIZMK5cfQCl+NDX08sCZgUc9/6MHni9IWuFLm1Z3HTCXu2z9fN62Q==
  dependencies:
    any-promise "^1.0.0"
    object-assign "^4.0.1"
    thenify-all "^1.0.0"

nedb@^1.8.0:
  version "1.8.0"
  resolved "https://registry.yarnpkg.com/nedb/-/nedb-1.8.0.tgz#0e3502cd82c004d5355a43c9e55577bd7bd91d88"
  integrity sha1-DjUCzYLABNU1WkPJ5VV3vXvZHYg=
  dependencies:
    async "0.2.10"
    binary-search-tree "0.2.5"
    localforage "^1.3.0"
    mkdirp "~0.5.1"
    underscore "~1.4.4"

negotiator@0.6.2:
  version "0.6.2"
  resolved "https://registry.yarnpkg.com/negotiator/-/negotiator-0.6.2.tgz#feacf7ccf525a77ae9634436a64883ffeca346fb"
  integrity sha512-hZXc7K2e+PgeI1eDBe/10Ard4ekbfrrqG8Ep+8Jmf4JID2bNg7NvCPOZN+kfF574pFQI7mum2AUqDidoKqcTOw==

object-assign@^4.0.1:
  version "4.1.1"
  resolved "https://registry.yarnpkg.com/object-assign/-/object-assign-4.1.1.tgz#2109adc7965887cfc05cbbd442cac8bfbb360863"
  integrity sha1-IQmtx5ZYh8/AXLvUQsrIv7s2CGM=

omggif@^1.0.10, omggif@^1.0.9:
  version "1.0.10"
  resolved "https://registry.yarnpkg.com/omggif/-/omggif-1.0.10.tgz#ddaaf90d4a42f532e9e7cb3a95ecdd47f17c7b19"
  integrity sha512-LMJTtvgc/nugXj0Vcrrs68Mn2D1r0zf630VNtqtpI1FEO7e+O9FP4gqs9AcnBaSEeoHIPm28u6qgPR0oyEpGSw==

on-finished@^2.3.0:
  version "2.3.0"
  resolved "https://registry.yarnpkg.com/on-finished/-/on-finished-2.3.0.tgz#20f1336481b083cd75337992a16971aa2d906947"
  integrity sha1-IPEzZIGwg811M3mSoWlxqi2QaUc=
  dependencies:
    ee-first "1.1.1"

only@~0.0.2:
  version "0.0.2"
  resolved "https://registry.yarnpkg.com/only/-/only-0.0.2.tgz#2afde84d03e50b9a8edc444e30610a70295edfb4"
  integrity sha1-Kv3oTQPlC5qO3EROMGEKcCle37Q=

pako@^1.0.5:
  version "1.0.11"
  resolved "https://registry.yarnpkg.com/pako/-/pako-1.0.11.tgz#6c9599d340d54dfd3946380252a35705a6b992bf"
  integrity sha512-4hLB8Py4zZce5s4yd9XzopqwVv/yGNhV1Bl8NTmCq1763HeK2+EwVTv+leGeL13Dnh2wfbqowVPXCIO0z4taYw==

parse-bmfont-ascii@^1.0.3:
  version "1.0.6"
  resolved "https://registry.yarnpkg.com/parse-bmfont-ascii/-/parse-bmfont-ascii-1.0.6.tgz#11ac3c3ff58f7c2020ab22769079108d4dfa0285"
  integrity sha1-Eaw8P/WPfCAgqyJ2kHkQjU36AoU=

parse-bmfont-binary@^1.0.5:
  version "1.0.6"
  resolved "https://registry.yarnpkg.com/parse-bmfont-binary/-/parse-bmfont-binary-1.0.6.tgz#d038b476d3e9dd9db1e11a0b0e53a22792b69006"
  integrity sha1-0Di0dtPp3Z2x4RoLDlOiJ5K2kAY=

parse-bmfont-xml@^1.1.4:
  version "1.1.4"
  resolved "https://registry.yarnpkg.com/parse-bmfont-xml/-/parse-bmfont-xml-1.1.4.tgz#015319797e3e12f9e739c4d513872cd2fa35f389"
  integrity sha512-bjnliEOmGv3y1aMEfREMBJ9tfL3WR0i0CKPj61DnSLaoxWR3nLrsQrEbCId/8rF4NyRF0cCqisSVXyQYWM+mCQ==
  dependencies:
    xml-parse-from-string "^1.0.0"
    xml2js "^0.4.5"

parse-headers@^2.0.0:
  version "2.0.3"
  resolved "https://registry.yarnpkg.com/parse-headers/-/parse-headers-2.0.3.tgz#5e8e7512383d140ba02f0c7aa9f49b4399c92515"
  integrity sha512-QhhZ+DCCit2Coi2vmAKbq5RGTRcQUOE2+REgv8vdyu7MnYx2eZztegqtTx99TZ86GTIwqiy3+4nQTWZ2tgmdCA==

parseurl@^1.3.2:
  version "1.3.3"
  resolved "https://registry.yarnpkg.com/parseurl/-/parseurl-1.3.3.tgz#9da19e7bee8d12dff0513ed5b76957793bc2e8d4"
  integrity sha512-CiyeOxFT/JZyN5m0z9PfXw4SCBJ6Sygz1Dpl0wqjlhDEGGBP1GnsUVEL0p63hoG1fcj3fHynXi9NYO4nWOL+qQ==

path-is-absolute@1.0.1:
  version "1.0.1"
  resolved "https://registry.yarnpkg.com/path-is-absolute/-/path-is-absolute-1.0.1.tgz#174b9268735534ffbc7ace6bf53a5a9e1b5c5f5f"
  integrity sha1-F0uSaHNVNP+8es5r9TpanhtcX18=

path-to-regexp@^6.1.0:
  version "6.1.0"
  resolved "https://registry.yarnpkg.com/path-to-regexp/-/path-to-regexp-6.1.0.tgz#0b18f88b7a0ce0bfae6a25990c909ab86f512427"
  integrity sha512-h9DqehX3zZZDCEm+xbfU0ZmwCGFCAAraPJWMXJ4+v32NjZJilVg3k1TcKsRgIb8IQ/izZSaydDc1OhJCZvs2Dw==

phin@^2.9.1:
  version "2.9.3"
  resolved "https://registry.yarnpkg.com/phin/-/phin-2.9.3.tgz#f9b6ac10a035636fb65dfc576aaaa17b8743125c"
  integrity sha512-CzFr90qM24ju5f88quFC/6qohjC144rehe5n6DH900lgXmUe86+xCKc10ev56gRKC4/BkHUoG4uSiQgBiIXwDA==

pixelmatch@^4.0.2:
  version "4.0.2"
  resolved "https://registry.yarnpkg.com/pixelmatch/-/pixelmatch-4.0.2.tgz#8f47dcec5011b477b67db03c243bc1f3085e8854"
  integrity sha1-j0fc7FARtHe2fbA8JDvB8wheiFQ=
  dependencies:
    pngjs "^3.0.0"

pngjs@^3.0.0, pngjs@^3.3.3:
  version "3.4.0"
  resolved "https://registry.yarnpkg.com/pngjs/-/pngjs-3.4.0.tgz#99ca7d725965fb655814eaf65f38f12bbdbf555f"
  integrity sha512-NCrCHhWmnQklfH4MtJMRjZ2a8c80qXeMlQMv2uVp9ISJMTt562SbGd6n2oq0PaPgKm7Z6pL9E2UlLIhC+SHL3w==

pngjs@^5.0.0:
  version "5.0.0"
  resolved "https://registry.yarnpkg.com/pngjs/-/pngjs-5.0.0.tgz#e79dd2b215767fd9c04561c01236df960bce7fbb"
  integrity sha512-40QW5YalBNfQo5yRYmiw7Yz6TKKVr3h6970B2YE+3fQpsWcrbj1PzJgxeJ19DRQjhMbKPIuMY8rFaXc8moolVw==

process@~0.5.1:
  version "0.5.2"
  resolved "https://registry.yarnpkg.com/process/-/process-0.5.2.tgz#1638d8a8e34c2f440a91db95ab9aeb677fc185cf"
  integrity sha1-FjjYqONML0QKkduVq5rrZ3/Bhc8=

regenerator-runtime@^0.13.3, regenerator-runtime@^0.13.4:
  version "0.13.5"
  resolved "https://registry.yarnpkg.com/regenerator-runtime/-/regenerator-runtime-0.13.5.tgz#d878a1d094b4306d10b9096484b33ebd55e26697"
  integrity sha512-ZS5w8CpKFinUzOwW3c83oPeVXoNsrLsaCoLtJvAClH135j/R77RuymhiSErhm2lKcwSCIpmvIWSbDkIfAqKQlA==

resolve-path@^1.4.0:
  version "1.4.0"
  resolved "https://registry.yarnpkg.com/resolve-path/-/resolve-path-1.4.0.tgz#c4bda9f5efb2fce65247873ab36bb4d834fe16f7"
  integrity sha1-xL2p9e+y/OZSR4c6s2u02DT+Fvc=
  dependencies:
    http-errors "~1.6.2"
    path-is-absolute "1.0.1"

rfdc@^1.1.4:
  version "1.1.4"
  resolved "https://registry.yarnpkg.com/rfdc/-/rfdc-1.1.4.tgz#ba72cc1367a0ccd9cf81a870b3b58bd3ad07f8c2"
  integrity sha512-5C9HXdzK8EAqN7JDif30jqsBzavB7wLpaubisuQIGHWf2gUXSpzy6ArX/+Da8RjFpagWsCn+pIgxTMAmKw9Zug==

safe-buffer@5.1.2:
  version "5.1.2"
  resolved "https://registry.yarnpkg.com/safe-buffer/-/safe-buffer-5.1.2.tgz#991ec69d296e0313747d59bdfd2b745c35f8828d"
  integrity sha512-Gd2UZBJDkXlY7GbJxfsE8/nvKkUEU1G38c1siN6QP6a9PT9MmHB8GnpscSmMJSoF8LOIrt8ud/wPtojys4G6+g==

sax@>=0.6.0:
  version "1.2.4"
  resolved "https://registry.yarnpkg.com/sax/-/sax-1.2.4.tgz#2816234e2378bddc4e5354fab5caa895df7100d9"
  integrity sha512-NqVDv9TpANUjFm0N8uM5GxL36UgKi9/atZw+x7YFnQ8ckwFGKrl4xX4yWtrey3UJm5nP1kUbnYgLopqWNSRhWw==

setprototypeof@1.1.0:
  version "1.1.0"
  resolved "https://registry.yarnpkg.com/setprototypeof/-/setprototypeof-1.1.0.tgz#d0bd85536887b6fe7c0d818cb962d9d91c54e656"
  integrity sha512-BvE/TwpZX4FXExxOxZyRGQQv651MSwmWKZGqvmPcRIjDqWub67kTKuIMx43cZZrS/cBBzwBcNDWoFxt2XEFIpQ==

setprototypeof@1.1.1:
  version "1.1.1"
  resolved "https://registry.yarnpkg.com/setprototypeof/-/setprototypeof-1.1.1.tgz#7e95acb24aa92f5885e0abef5ba131330d4ae683"
  integrity sha512-JvdAWfbXeIGaZ9cILp38HntZSFSo3mWg6xGcJJsd+d4aRMOqauag1C63dJfDw7OaMYwEbHMOxEZ1lqVRYP2OAw==

setprototypeof@1.2.0:
  version "1.2.0"
  resolved "https://registry.yarnpkg.com/setprototypeof/-/setprototypeof-1.2.0.tgz#66c9a24a73f9fc28cbe66b09fed3d33dcaf1b424"
  integrity sha512-E5LDX7Wrp85Kil5bhZv46j8jOeboKq5JMmYM3gVGdGH8xFpPWXUMsNrlODCrkoxMEeNi/XZIwuRvY4XNwYMJpw==

"statuses@>= 1.4.0 < 2", "statuses@>= 1.5.0 < 2", statuses@^1.5.0:
  version "1.5.0"
  resolved "https://registry.yarnpkg.com/statuses/-/statuses-1.5.0.tgz#161c7dac177659fd9811f43771fa99381478628c"
  integrity sha1-Fhx9rBd2Wf2YEfQ3cfqZOBR4Yow=

streamroller@^2.2.4:
  version "2.2.4"
  resolved "https://registry.yarnpkg.com/streamroller/-/streamroller-2.2.4.tgz#c198ced42db94086a6193608187ce80a5f2b0e53"
  integrity sha512-OG79qm3AujAM9ImoqgWEY1xG4HX+Lw+yY6qZj9R1K2mhF5bEmQ849wvrb+4vt4jLMLzwXttJlQbOdPOQVRv7DQ==
  dependencies:
    date-format "^2.1.0"
    debug "^4.1.1"
    fs-extra "^8.1.0"

thenify-all@^1.0.0:
  version "1.6.0"
  resolved "https://registry.yarnpkg.com/thenify-all/-/thenify-all-1.6.0.tgz#1a1918d402d8fc3f98fbf234db0bcc8cc10e9726"
  integrity sha1-GhkY1ALY/D+Y+/I02wvMjMEOlyY=
  dependencies:
    thenify ">= 3.1.0 < 4"

"thenify@>= 3.1.0 < 4":
  version "3.3.1"
  resolved "https://registry.yarnpkg.com/thenify/-/thenify-3.3.1.tgz#8932e686a4066038a016dd9e2ca46add9838a95f"
  integrity sha512-RVZSIV5IG10Hk3enotrhvz0T9em6cyHBLkH/YAZuKqd8hRkKhSfCGIcP2KUY0EPxndzANBmNllzWPwak+bheSw==
  dependencies:
    any-promise "^1.0.0"

timm@^1.6.1:
  version "1.6.2"
  resolved "https://registry.yarnpkg.com/timm/-/timm-1.6.2.tgz#dfd8c6719f7ba1fcfc6295a32670a1c6d166c0bd"
  integrity sha512-IH3DYDL1wMUwmIlVmMrmesw5lZD6N+ZOAFWEyLrtpoL9Bcrs9u7M/vyOnHzDD2SMs4irLkVjqxZbHrXStS/Nmw==

tinycolor2@^1.4.1:
  version "1.4.1"
  resolved "https://registry.yarnpkg.com/tinycolor2/-/tinycolor2-1.4.1.tgz#f4fad333447bc0b07d4dc8e9209d8f39a8ac77e8"
  integrity sha1-9PrTM0R7wLB9TcjpIJ2POaisd+g=

toidentifier@1.0.0:
  version "1.0.0"
  resolved "https://registry.yarnpkg.com/toidentifier/-/toidentifier-1.0.0.tgz#7e1be3470f1e77948bc43d94a3c8f4d7752ba553"
  integrity sha512-yaOH/Pk/VEhBWWTlhI+qXxDFXlejDGcQipMlyxda9nthulaxLZUNcUqFxokp0vcYnvteJln5FNQDRrxj3YcbVw==

tsscmp@1.0.6:
  version "1.0.6"
  resolved "https://registry.yarnpkg.com/tsscmp/-/tsscmp-1.0.6.tgz#85b99583ac3589ec4bfef825b5000aa911d605eb"
  integrity sha512-LxhtAkPDTkVCMQjt2h6eBVY28KCjikZqZfMcC15YBeNjkgUpdCfBu5HoiOTDu86v6smE8yOjyEktJ8hlbANHQA==

type-is@^1.6.16:
  version "1.6.18"
  resolved "https://registry.yarnpkg.com/type-is/-/type-is-1.6.18.tgz#4e552cd05df09467dcbc4ef739de89f2cf37c131"
  integrity sha512-TkRKr9sUTxEH8MdfuCSP7VizJyzRNMjj2J2do2Jr3Kym598JVdEksuzPQCnlFPW4ky9Q+iA+ma9BGm06XQBy8g==
  dependencies:
    media-typer "0.3.0"
    mime-types "~2.1.24"

underscore@~1.4.4:
  version "1.4.4"
  resolved "https://registry.yarnpkg.com/underscore/-/underscore-1.4.4.tgz#61a6a32010622afa07963bf325203cf12239d604"
  integrity sha1-YaajIBBiKvoHljvzJSA88SI51gQ=

universalify@^0.1.0:
  version "0.1.2"
  resolved "https://registry.yarnpkg.com/universalify/-/universalify-0.1.2.tgz#b646f69be3942dabcecc9d6639c80dc105efaa66"
  integrity sha512-rBJeI5CXAlmy1pV+617WB9J63U6XcazHHF2f2dbJix4XzpUF0RS3Zbj0FGIOCAva5P/d/GBOYaACQ1w+0azUkg==

utif@^2.0.1:
  version "2.0.1"
  resolved "https://registry.yarnpkg.com/utif/-/utif-2.0.1.tgz#9e1582d9bbd20011a6588548ed3266298e711759"
  integrity sha512-Z/S1fNKCicQTf375lIP9G8Sa1H/phcysstNrrSdZKj1f9g58J4NMgb5IgiEZN9/nLMPDwF0W7hdOe9Qq2IYoLg==
  dependencies:
    pako "^1.0.5"

vary@^1.1.2:
  version "1.1.2"
  resolved "https://registry.yarnpkg.com/vary/-/vary-1.1.2.tgz#2299f02c6ded30d4a5961b0b9f74524a18f634fc"
  integrity sha1-IpnwLG3tMNSllhsLn3RSShj2NPw=

xhr@^2.0.1:
  version "2.5.0"
  resolved "https://registry.yarnpkg.com/xhr/-/xhr-2.5.0.tgz#bed8d1676d5ca36108667692b74b316c496e49dd"
  integrity sha512-4nlO/14t3BNUZRXIXfXe+3N6w3s1KoxcJUUURctd64BLRe67E4gRwp4PjywtDY72fXpZ1y6Ch0VZQRY/gMPzzQ==
  dependencies:
    global "~4.3.0"
    is-function "^1.0.1"
    parse-headers "^2.0.0"
    xtend "^4.0.0"

xml-parse-from-string@^1.0.0:
  version "1.0.1"
  resolved "https://registry.yarnpkg.com/xml-parse-from-string/-/xml-parse-from-string-1.0.1.tgz#a9029e929d3dbcded169f3c6e28238d95a5d5a28"
  integrity sha1-qQKekp09vN7RafPG4oI42VpdWig=

xml2js@^0.4.5:
  version "0.4.23"
  resolved "https://registry.yarnpkg.com/xml2js/-/xml2js-0.4.23.tgz#a0c69516752421eb2ac758ee4d4ccf58843eac66"
  integrity sha512-ySPiMjM0+pLDftHgXY4By0uswI3SPKLDw/i3UXbnO8M/p28zqexCUoPmQFrYD+/1BzhGJSs2i1ERWKJAtiLrug==
  dependencies:
    sax ">=0.6.0"
    xmlbuilder "~11.0.0"

xmlbuilder@~11.0.0:
  version "11.0.1"
  resolved "https://registry.yarnpkg.com/xmlbuilder/-/xmlbuilder-11.0.1.tgz#be9bae1c8a046e76b31127726347d0ad7002beb3"
  integrity sha512-fDlsI/kFEx7gLvbecc0/ohLG50fugQp8ryHzMTuW9vSa1GJ0XYWKnhsUx7oie3G98+r56aTQIUB4kht42R3JvA==

xtend@^4.0.0:
  version "4.0.2"
  resolved "https://registry.yarnpkg.com/xtend/-/xtend-4.0.2.tgz#bb72779f5fa465186b1f438f674fa347fdb5db54"
  integrity sha512-LKYU1iAXJXUgAXn9URjiu+MWhyUXHsvfp7mcuYm9dSUKK0/CjtrUwFAxD82/mCWbtLsGjFIad0wIsod4zrTAEQ==

ylru@^1.2.0:
  version "1.2.1"
  resolved "https://registry.yarnpkg.com/ylru/-/ylru-1.2.1.tgz#f576b63341547989c1de7ba288760923b27fe84f"
  integrity sha512-faQrqNMzcPCHGVC2aaOINk13K+aaBDUPjGWl0teOXywElLjyVAB6Oe2jj62jHYtwsU49jXhScYbvPENK+6zAvQ==
